{
    "_readme": [
        "This file locks the dependencies of your project to a known state",
        "Read more about it at https://getcomposer.org/doc/01-basic-usage.md#composer-lock-the-lock-file",
        "This file is @generated automatically"
    ],
    "content-hash": "40ff6c6a75e71999d42a20ef97967838",
    "packages": [
        {
            "name": "bacboslab/menueditor",
            "version": "3.2.1",
            "source": {
                "type": "git",
                "url": "https://github.com/bacbos/bolt-menu-editor.git",
                "reference": "c311963ad5dd8036b854061f436c6db7bdf6f90c"
            },
            "dist": {
                "type": "zip",
                "url": "https://api.github.com/repos/bacbos/bolt-menu-editor/zipball/c311963ad5dd8036b854061f436c6db7bdf6f90c",
                "reference": "c311963ad5dd8036b854061f436c6db7bdf6f90c",
                "shasum": ""
            },
            "require": {
                "bolt/bolt": "^3.1"
            },
            "require-dev": {
                "phpunit/phpunit": "^4.7"
            },
            "type": "bolt-extension",
            "extra": {
                "bolt-icon": "bolt-menu-editor.png",
                "bolt-assets": "web",
                "bolt-class": "Bolt\\Extension\\Bacboslab\\Menueditor\\MenueditorExtension",
                "bolt-screenshots": [
                    "screenshot.png",
                    "screenshot2.png"
                ]
            },
            "autoload": {
                "psr-4": {
                    "Bolt\\Extension\\Bacboslab\\Menueditor\\": "src"
                }
            },
            "autoload-dev": {
                "psr-4": {
                    "Bolt\\Extension\\Bacboslab\\Menueditor\\Tests\\": "tests",
                    "Bolt\\Tests\\": "vendor/bolt/bolt/tests/phpunit/unit/"
                }
            },
            "license": [
                "MIT"
            ],
            "authors": [
                {
                    "name": "Steven Wüthrich / bacbos lab",
                    "email": "hello@bacbos.ch",
                    "homepage": "http://bacbos.ch"
                },
                {
                    "name": "Svante Richter",
                    "email": "svante.richter@gmail.com"
                },
                {
                    "name": "Erwin Goossen",
                    "email": "erwin@navelpluisje.nl"
                }
            ],
            "description": "A visual menu editor for Bolt CMS",
            "keywords": [
                "admin",
                "editor",
                "menu",
                "tool",
                "visual"
            ],
            "support": {
                "source": "https://github.com/bacbos/bolt-menu-editor/tree/master",
                "issues": "https://github.com/bacbos/bolt-menu-editor/issues"
            },
            "time": "2017-02-01T21:38:05+00:00"
        },
        {
            "name": "bobdenotter/seo",
            "version": "v0.14.2",
            "source": {
                "type": "git",
                "url": "https://github.com/bobdenotter/seo.git",
                "reference": "1d9bd647137124852c799470754b4054e3b88f99"
            },
            "dist": {
                "type": "zip",
                "url": "https://api.github.com/repos/bobdenotter/seo/zipball/1d9bd647137124852c799470754b4054e3b88f99",
                "reference": "1d9bd647137124852c799470754b4054e3b88f99",
                "shasum": ""
            },
            "require": {
                "bolt/bolt": "^3.0"
            },
            "type": "bolt-extension",
            "extra": {
                "bolt-assets": "web",
                "bolt-class": "Bolt\\Extension\\BobdenOtter\\Seo\\SeoExtension"
            },
            "autoload": {
                "psr-4": {
                    "Bolt\\Extension\\BobdenOtter\\Seo\\": "src"
                }
            },
            "license": [
                "MIT"
            ],
            "authors": [
                {
                    "name": "Bob den Otter",
                    "email": "bob@twokings.nl"
                }
            ],
            "description": "An extension to easily manage SEO title, meta description and OG tags.",
            "support": {
                "source": "https://github.com/bobdenotter/seo/tree/v0.14.2",
                "issues": "https://github.com/bobdenotter/seo/issues"
            },
            "time": "2017-04-06T15:36:42+00:00"
        },
        {
            "name": "bolt/jsonapi",
            "version": "v3.0.12",
            "source": {
                "type": "git",
                "url": "https://github.com/xiaohutai/jsonapi.git",
                "reference": "61bc2ba84272c3fa7b25e7d4afde21bf187ea336"
            },
            "dist": {
                "type": "zip",
                "url": "https://api.github.com/repos/xiaohutai/jsonapi/zipball/61bc2ba84272c3fa7b25e7d4afde21bf187ea336",
                "reference": "61bc2ba84272c3fa7b25e7d4afde21bf187ea336",
                "shasum": ""
            },
            "require": {
                "bolt/bolt": "^3.0"
            },
            "type": "bolt-extension",
            "extra": {
                "bolt-class": "Bolt\\Extension\\Bolt\\JsonApi\\JSONAPIExtension"
            },
            "autoload": {
                "psr-4": {
                    "Bolt\\Extension\\Bolt\\JsonApi\\": [
                        "",
                        "src"
                    ]
                }
            },
            "license": [
                "MIT"
            ],
            "authors": [
                {
                    "name": "Tobias Dammers",
                    "email": "tobias@twokings.nl"
                },
                {
                    "name": "Bob den Otter",
                    "email": "bob@twokings.nl"
                },
                {
                    "name": "Xiao-Hu Tai",
                    "email": "xiao@twokings.nl"
                },
                {
                    "name": "Dennis Snijder",
                    "email": "Dennissnijder97@gmail.com"
                }
            ],
            "description": "Provides simple JSON access to Bolt's internal data structures.",
            "keywords": [
                "api",
                "json",
                "jsonapi"
            ],
            "support": {
                "source": "https://github.com/xiaohutai/jsonapi/tree/v3.0.12",
                "issues": "https://github.com/xiaohutai/jsonapi/issues"
            },
            "time": "2017-04-18T14:50:35+00:00"
        },
        {
            "name": "bolt/sitemap",
            "version": "2.2.0",
            "source": {
                "type": "git",
                "url": "https://github.com/bolt/Sitemap.git",
                "reference": "6a9b76fd5718787451d41b99dd1d1ffa3b308530"
            },
            "dist": {
                "type": "zip",
                "url": "https://api.github.com/repos/bolt/Sitemap/zipball/6a9b76fd5718787451d41b99dd1d1ffa3b308530",
                "reference": "6a9b76fd5718787451d41b99dd1d1ffa3b308530",
                "shasum": ""
            },
            "require": {
                "bolt/bolt": "^3.0"
            },
            "type": "bolt-extension",
            "extra": {
                "bolt-icon": "icon-sitemap.png",
                "bolt-class": "Bolt\\Extension\\Bolt\\Sitemap\\SitemapExtension"
            },
            "autoload": {
                "psr-4": {
                    "Bolt\\Extension\\Bolt\\Sitemap\\": "src"
                }
            },
            "license": [
                "MIT"
            ],
            "authors": [
                {
                    "name": "Bob den Otter",
                    "email": "bob@twokings.nl"
                },
                {
                    "name": "Patrick van Kouteren",
                    "email": "info@wedesignit.nl"
                },
                {
                    "name": "Gawain Lynch",
                    "email": "gawain.lynch@gmail.com"
                }
            ],
            "description": "An extension to create XML sitemaps for your Bolt website.",
            "keywords": [
                "SEO",
                "sitemap"
            ],
            "support": {
                "source": "https://github.com/bolt/Sitemap/tree/2.2.0",
                "issues": "https://github.com/bolt/Sitemap/issues"
            },
            "time": "2017-05-11T09:32:22+00:00"
        },
        {
            "name": "soapbox/relatedcontent",
            "version": "1.0",
            "source": {
                "type": "git",
                "url": "https://github.com/graham73may/bolt-related-content.git",
                "reference": "b4532382fcaf53a718f8fd898a0d7793e3383dbe"
            },
            "dist": {
                "type": "zip",
                "url": "https://api.github.com/repos/graham73may/bolt-related-content/zipball/b4532382fcaf53a718f8fd898a0d7793e3383dbe",
                "reference": "b4532382fcaf53a718f8fd898a0d7793e3383dbe",
                "shasum": ""
            },
            "require": {
                "bolt/bolt": "^3.2.2"
            },
            "require-dev": {
                "phpunit/phpunit": "^4.7"
            },
            "type": "bolt-extension",
            "extra": {
                "bolt-class": "Bolt\\Extension\\Soapbox\\RelatedContent\\RelatedContentExtension"
            },
            "autoload": {
                "psr-4": {
                    "Bolt\\Extension\\Soapbox\\RelatedContent\\": "src"
                }
            },
            "autoload-dev": {
                "psr-4": {
                    "Bolt\\Extension\\Soapbox\\RelatedContent\\Tests\\": "tests",
                    "Bolt\\Tests\\": "vendor/bolt/bolt/tests/phpunit/unit/"
                }
            },
            "license": [
                "MIT"
            ],
            "authors": [
                {
                    "name": "Graham May",
                    "email": "graham.may@soapbox.co.uk"
                }
            ],
            "description": "Retrieves a list of similar content based on taxonomies and fields.",
            "keywords": [
                "categories",
                "related",
                "related content",
                "tags",
                "taxonomy"
            ],
            "support": {
                "source": "https://github.com/graham73may/bolt-related-content/tree/master",
                "issues": "https://github.com/graham73may/bolt-related-content/issues"
            },
            "time": "2017-03-03T23:16:20+00:00"
        },
        {
            "name": "twokings/hierarchical-routes",
            "version": "v0.0.2",
            "source": {
                "type": "git",
                "url": "https://github.com/xiaohutai/bolt-hierarchicalroutes.git",
                "reference": "8e9e908286ca5c1843b95ffa2d314d3cd358129e"
            },
            "dist": {
                "type": "zip",
                "url": "https://api.github.com/repos/xiaohutai/bolt-hierarchicalroutes/zipball/8e9e908286ca5c1843b95ffa2d314d3cd358129e",
                "reference": "8e9e908286ca5c1843b95ffa2d314d3cd358129e",
                "shasum": ""
            },
            "require": {
                "bolt/bolt": "^3.0"
            },
            "require-dev": {
                "phpunit/phpunit": "^4.7"
            },
            "suggest": {
                "bacboslab/menueditor": "A visual menu editor for Bolt CMS"
            },
            "type": "bolt-extension",
            "extra": {
                "bolt-assets": "web",
                "bolt-class": "Bolt\\Extension\\TwoKings\\HierarchicalRoutes\\HierarchicalRoutesExtension",
                "bolt-icon": "bolt-icon.png",
                "bolt-screenshots": [
                    "screenshots/screenshot1.png"
                ]
            },
            "autoload": {
                "psr-4": {
                    "Bolt\\Extension\\TwoKings\\HierarchicalRoutes\\": "src"
                }
            },
            "autoload-dev": {
                "psr-4": {
                    "Bolt\\Extension\\TwoKings\\HierarchicalRouets\\Tests\\": "tests",
                    "Bolt\\Tests\\": "vendor/bolt/bolt/tests/phpunit/unit/"
                }
            },
            "license": [
                "MIT"
            ],
            "authors": [
                {
                    "name": "Xiao-Hu Tai",
                    "email": "xiao@twokings.nl"
                }
            ],
            "description": "Dynamically make hierarchical routes based on the menu configuration",
            "keywords": [
                "breadcrumbs",
                "child-page",
                "hierarchical content",
                "hierarchical routes",
                "hierarchy",
                "menu",
                "parent-page",
                "structure",
                "sub-page"
            ],
            "support": {
                "source": "https://github.com/xiaohutai/bolt-hierarchicalroutes/tree/v0.0.2",
                "issues": "https://github.com/xiaohutai/bolt-hierarchicalroutes/issues"
            },
            "time": "2017-05-19T12:55:18+00:00"
        },
        {
            "name": "wikimedia/composer-merge-plugin",
            "version": "v1.4.0",
            "source": {
                "type": "git",
                "url": "https://github.com/wikimedia/composer-merge-plugin.git",
                "reference": "ca453f9f13d8b05f86f20ea10be992a782e6f78c"
            },
            "dist": {
                "type": "zip",
                "url": "https://api.github.com/repos/wikimedia/composer-merge-plugin/zipball/ca453f9f13d8b05f86f20ea10be992a782e6f78c",
                "reference": "ca453f9f13d8b05f86f20ea10be992a782e6f78c",
                "shasum": ""
            },
            "require": {
                "composer-plugin-api": "^1.0",
                "php": ">=5.3.2"
            },
            "require-dev": {
                "composer/composer": "~1.0.0",
                "jakub-onderka/php-parallel-lint": "~0.8",
                "phpunit/phpunit": "~4.8|~5.0",
                "squizlabs/php_codesniffer": "~2.1.0"
            },
            "type": "composer-plugin",
            "extra": {
                "branch-alias": {
                    "dev-master": "1.3.x-dev"
                },
                "class": "Wikimedia\\Composer\\MergePlugin"
            },
            "autoload": {
                "psr-4": {
                    "Wikimedia\\Composer\\": "src/"
                }
            },
            "scripts": {
                "test": [
                    "composer validate --no-interaction",
                    "parallel-lint src tests",
                    "phpunit --log-junit=reports/unitreport.xml --coverage-text --coverage-html=reports/coverage --coverage-clover=reports/coverage.xml",
                    "phpcs --encoding=utf-8 --standard=PSR2 --report-checkstyle=reports/checkstyle-phpcs.xml --report-full --extensions=php src/* tests/phpunit/*"
                ]
            },
            "license": [
                "MIT"
            ],
            "authors": [
                {
                    "name": "Bryan Davis",
                    "email": "bd808@wikimedia.org"
                }
            ],
            "description": "Composer plugin to merge multiple composer.json files",
            "support": {
                "source": "https://github.com/wikimedia/composer-merge-plugin/tree/v1.4.0",
                "issues": "https://github.com/wikimedia/composer-merge-plugin/issues"
            },
            "time": "2017-03-13T16:52:55+00:00"
        }
    ],
    "packages-dev": [],
    "aliases": [],
    "minimum-stability": "stable",
    "stability-flags": [],
    "prefer-stable": true,
    "prefer-lowest": false,
    "platform": [],
    "platform-dev": []
}
