{
    "_readme": [
        "This file locks the dependencies of your project to a known state",
        "Read more about it at https://getcomposer.org/doc/01-basic-usage.md#composer-lock-the-lock-file",
        "This file is @generated automatically"
    ],
    "content-hash": "18cf6d6dddeedd091abec764780c0c13",
    "packages": [
        {
            "name": "bacboslab/menueditor",
            "version": "3.2.2",
            "source": {
                "type": "git",
                "url": "https://github.com/bacbos/bolt-menu-editor.git",
                "reference": "959e6064ab11a66e0bbc319fc7338812441b100a"
            },
            "dist": {
                "type": "zip",
                "url": "https://api.github.com/repos/bacbos/bolt-menu-editor/zipball/959e6064ab11a66e0bbc319fc7338812441b100a",
                "reference": "959e6064ab11a66e0bbc319fc7338812441b100a",
                "shasum": ""
            },
            "require": {
                "bolt/bolt": "^3.1"
            },
            "require-dev": {
                "phpunit/phpunit": "^4.7"
            },
            "type": "bolt-extension",
            "extra": {
                "bolt-icon": "bolt-menu-editor.png",
                "bolt-assets": "web",
                "bolt-class": "Bolt\\Extension\\Bacboslab\\Menueditor\\MenueditorExtension",
                "bolt-screenshots": [
                    "screenshot.png",
                    "screenshot2.png"
                ]
            },
            "autoload": {
                "psr-4": {
                    "Bolt\\Extension\\Bacboslab\\Menueditor\\": "src"
                }
            },
            "autoload-dev": {
                "psr-4": {
                    "Bolt\\Extension\\Bacboslab\\Menueditor\\Tests\\": "tests",
                    "Bolt\\Tests\\": "vendor/bolt/bolt/tests/phpunit/unit/"
                }
            },
            "license": [
                "MIT"
            ],
            "authors": [
                {
                    "name": "Steven Wüthrich / bacbos lab",
                    "email": "hello@bacbos.ch",
                    "homepage": "http://bacbos.ch"
                },
                {
                    "name": "Svante Richter",
                    "email": "svante.richter@gmail.com"
                },
                {
                    "name": "Erwin Goossen",
                    "email": "erwin@navelpluisje.nl"
                }
            ],
            "description": "A visual menu editor for Bolt CMS",
            "keywords": [
                "admin",
                "editor",
                "menu",
                "tool",
                "visual"
            ],
            "support": {
                "source": "https://github.com/bacbos/bolt-menu-editor/tree/3.2.2",
                "issues": "https://github.com/bacbos/bolt-menu-editor/issues"
            },
            "time": "2017-07-26T21:07:59+00:00"
        },
        {
            "name": "bobdenotter/seo",
            "version": "1.0.3",
            "source": {
                "type": "git",
                "url": "https://github.com/bobdenotter/seo.git",
                "reference": "d16bc52d5647696454063b37e92febab1327f5d4"
            },
            "dist": {
                "type": "zip",
                "url": "https://api.github.com/repos/bobdenotter/seo/zipball/d16bc52d5647696454063b37e92febab1327f5d4",
                "reference": "d16bc52d5647696454063b37e92febab1327f5d4",
                "shasum": ""
            },
            "require": {
                "bolt/bolt": "^3.0"
            },
            "type": "bolt-extension",
            "extra": {
                "bolt-assets": "web",
                "bolt-class": "Bolt\\Extension\\BobdenOtter\\Seo\\SeoExtension"
            },
            "autoload": {
                "psr-4": {
                    "Bolt\\Extension\\BobdenOtter\\Seo\\": "src"
                }
            },
            "license": [
                "MIT"
            ],
            "authors": [
                {
                    "name": "Bob den Otter",
                    "email": "bob@twokings.nl"
                }
            ],
            "description": "An extension to easily manage SEO title, meta description and OG tags.",
            "support": {
                "source": "https://github.com/bobdenotter/seo/tree/1.0.3",
                "issues": "https://github.com/bobdenotter/seo/issues"
            },
            "time": "2017-07-04T09:49:10+00:00"
        },
        {
            "name": "bolt/jsonapi",
            "version": "v3.0.16",
            "source": {
                "type": "git",
                "url": "https://github.com/xiaohutai/jsonapi.git",
                "reference": "d87382f619f97667afae696ed4ef8896338dc055"
            },
            "dist": {
                "type": "zip",
                "url": "https://api.github.com/repos/xiaohutai/jsonapi/zipball/d87382f619f97667afae696ed4ef8896338dc055",
                "reference": "d87382f619f97667afae696ed4ef8896338dc055",
                "shasum": ""
            },
            "require": {
                "bolt/bolt": "^3.0"
            },
            "type": "bolt-extension",
            "extra": {
                "bolt-class": "Bolt\\Extension\\Bolt\\JsonApi\\JSONAPIExtension"
            },
            "autoload": {
                "psr-4": {
                    "Bolt\\Extension\\Bolt\\JsonApi\\": [
                        "",
                        "src"
                    ]
                }
            },
            "license": [
                "MIT"
            ],
            "authors": [
                {
                    "name": "Tobias Dammers",
                    "email": "tobias@twokings.nl"
                },
                {
                    "name": "Bob den Otter",
                    "email": "bob@twokings.nl"
                },
                {
                    "name": "Xiao-Hu Tai",
                    "email": "xiao@twokings.nl"
                },
                {
                    "name": "Dennis Snijder",
                    "email": "Dennissnijder97@gmail.com"
                }
            ],
            "description": "Provides simple JSON access to Bolt's internal data structures.",
            "keywords": [
                "api",
                "json",
                "jsonapi"
            ],
            "support": {
                "source": "https://github.com/xiaohutai/jsonapi/tree/master",
                "issues": "https://github.com/xiaohutai/jsonapi/issues"
            },
            "time": "2017-09-06T08:54:31+00:00"
        },
        {
            "name": "bolt/sitemap",
            "version": "2.2.3",
            "source": {
                "type": "git",
                "url": "https://github.com/bolt/Sitemap.git",
                "reference": "6f9630daa9d6f8d7f06b2483c2444d780b3ffe7d"
            },
            "dist": {
                "type": "zip",
                "url": "https://api.github.com/repos/bolt/Sitemap/zipball/6f9630daa9d6f8d7f06b2483c2444d780b3ffe7d",
                "reference": "6f9630daa9d6f8d7f06b2483c2444d780b3ffe7d",
                "shasum": ""
            },
            "require": {
                "bolt/bolt": "^3.0"
            },
            "type": "bolt-extension",
            "extra": {
                "bolt-icon": "icon-sitemap.png",
                "bolt-class": "Bolt\\Extension\\Bolt\\Sitemap\\SitemapExtension"
            },
            "autoload": {
                "psr-4": {
                    "Bolt\\Extension\\Bolt\\Sitemap\\": "src"
                }
            },
            "license": [
                "MIT"
            ],
            "authors": [
                {
                    "name": "Bob den Otter",
                    "email": "bob@twokings.nl"
                },
                {
                    "name": "Patrick van Kouteren",
                    "email": "info@wedesignit.nl"
                },
                {
                    "name": "Gawain Lynch",
                    "email": "gawain.lynch@gmail.com"
                }
            ],
            "description": "An extension to create XML sitemaps for your Bolt website.",
            "keywords": [
                "SEO",
                "sitemap"
            ],
            "support": {
                "source": "https://github.com/bolt/Sitemap/tree/2.2.3",
                "issues": "https://github.com/bolt/Sitemap/issues"
            },
            "time": "2017-06-19T12:58:13+00:00"
        },
        {
            "name": "soapbox/relatedcontent",
            "version": "1.0.1",
            "source": {
                "type": "git",
                "url": "https://github.com/graham73may/bolt-related-content.git",
                "reference": "9a64abe11117b86e6e9fad42e60135304073872a"
            },
            "dist": {
                "type": "zip",
                "url": "https://api.github.com/repos/graham73may/bolt-related-content/zipball/9a64abe11117b86e6e9fad42e60135304073872a",
                "reference": "9a64abe11117b86e6e9fad42e60135304073872a",
                "shasum": ""
            },
            "require": {
                "bolt/bolt": "^3.2.2"
            },
            "require-dev": {
                "phpunit/phpunit": "^4.7"
            },
            "type": "bolt-extension",
            "extra": {
                "bolt-class": "Bolt\\Extension\\Soapbox\\RelatedContent\\RelatedContentExtension"
            },
            "autoload": {
                "psr-4": {
                    "Bolt\\Extension\\Soapbox\\RelatedContent\\": "src"
                }
            },
            "autoload-dev": {
                "psr-4": {
                    "Bolt\\Extension\\Soapbox\\RelatedContent\\Tests\\": "tests",
                    "Bolt\\Tests\\": "vendor/bolt/bolt/tests/phpunit/unit/"
                }
            },
            "license": [
                "MIT"
            ],
            "authors": [
                {
                    "name": "Graham May",
                    "email": "graham.may@soapbox.co.uk"
                }
            ],
            "description": "Retrieves a list of similar content based on taxonomies and fields.",
            "keywords": [
                "categories",
                "related",
                "related content",
                "tags",
                "taxonomy"
            ],
            "support": {
                "source": "https://github.com/graham73may/bolt-related-content/tree/master",
                "issues": "https://github.com/graham73may/bolt-related-content/issues"
            },
            "time": "2017-09-04T12:30:43+00:00"
        },
        {
            "name": "twokings/hierarchical-routes",
            "version": "v0.1.1",
            "source": {
                "type": "git",
                "url": "https://github.com/xiaohutai/bolt-hierarchicalroutes.git",
                "reference": "cf79909c49c3118ea176e465da534a5cb22918c8"
            },
            "dist": {
                "type": "zip",
                "url": "https://api.github.com/repos/xiaohutai/bolt-hierarchicalroutes/zipball/cf79909c49c3118ea176e465da534a5cb22918c8",
                "reference": "cf79909c49c3118ea176e465da534a5cb22918c8",
                "shasum": ""
            },
            "require": {
                "bolt/bolt": "^3.0"
            },
            "require-dev": {
                "phpunit/phpunit": "^4.7"
            },
            "suggest": {
                "bacboslab/menueditor": "A visual menu editor for Bolt CMS"
            },
            "type": "bolt-extension",
            "extra": {
                "bolt-assets": "web",
                "bolt-class": "Bolt\\Extension\\TwoKings\\HierarchicalRoutes\\HierarchicalRoutesExtension",
                "bolt-icon": "bolt-icon.png",
                "bolt-screenshots": [
                    "screenshots/screenshot1.png",
                    "screenshots/screenshot2.png"
                ]
            },
            "autoload": {
                "psr-4": {
                    "Bolt\\Extension\\TwoKings\\HierarchicalRoutes\\": "src",
                    "PBergman\\": "lib/PBergman"
                }
            },
            "autoload-dev": {
                "psr-4": {
                    "Bolt\\Extension\\TwoKings\\HierarchicalRouets\\Tests\\": "tests",
                    "Bolt\\Tests\\": "vendor/bolt/bolt/tests/phpunit/unit/"
                }
            },
            "license": [
                "MIT"
            ],
            "authors": [
                {
                    "name": "Xiao-Hu Tai",
                    "email": "xiao@twokings.nl"
                }
            ],
            "description": "Dynamically make hierarchical routes based on the menu configuration",
            "keywords": [
                "breadcrumbs",
                "child-page",
                "hierarchical content",
                "hierarchical routes",
                "hierarchy",
                "menu",
                "parent-page",
                "structure",
                "sub-page"
            ],
            "support": {
                "source": "https://github.com/xiaohutai/bolt-hierarchicalroutes/tree/master",
                "issues": "https://github.com/xiaohutai/bolt-hierarchicalroutes/issues"
            },
            "time": "2017-06-16T13:59:45+00:00"
        },
        {
            "name": "wikimedia/composer-merge-plugin",
            "version": "v1.4.1",
            "source": {
                "type": "git",
                "url": "https://github.com/wikimedia/composer-merge-plugin.git",
                "reference": "81c6ac72a24a67383419c7eb9aa2b3437f2ab100"
            },
            "dist": {
                "type": "zip",
                "url": "https://api.github.com/repos/wikimedia/composer-merge-plugin/zipball/81c6ac72a24a67383419c7eb9aa2b3437f2ab100",
                "reference": "81c6ac72a24a67383419c7eb9aa2b3437f2ab100",
                "shasum": ""
            },
            "require": {
                "composer-plugin-api": "^1.0",
                "php": ">=5.3.2"
            },
            "require-dev": {
                "composer/composer": "~1.0.0",
                "jakub-onderka/php-parallel-lint": "~0.8",
                "phpunit/phpunit": "~4.8|~5.0",
                "squizlabs/php_codesniffer": "~2.1.0"
            },
            "type": "composer-plugin",
            "extra": {
                "branch-alias": {
                    "dev-master": "1.3.x-dev"
                },
                "class": "Wikimedia\\Composer\\MergePlugin"
            },
            "autoload": {
                "psr-4": {
                    "Wikimedia\\Composer\\": "src/"
                }
            },
            "scripts": {
                "test": [
                    "composer validate --no-interaction",
                    "parallel-lint src tests",
                    "phpunit --log-junit=reports/unitreport.xml --coverage-text --coverage-html=reports/coverage --coverage-clover=reports/coverage.xml",
                    "phpcs --encoding=utf-8 --standard=PSR2 --report-checkstyle=reports/checkstyle-phpcs.xml --report-full --extensions=php src/* tests/phpunit/*"
                ]
            },
            "license": [
                "MIT"
            ],
            "authors": [
                {
                    "name": "Bryan Davis",
                    "email": "bd808@wikimedia.org"
                }
            ],
            "description": "Composer plugin to merge multiple composer.json files",
            "support": {
                "source": "https://github.com/wikimedia/composer-merge-plugin/tree/master",
                "issues": "https://github.com/wikimedia/composer-merge-plugin/issues"
            },
            "time": "2017-04-25T02:31:25+00:00"
        }
    ],
    "packages-dev": [],
    "aliases": [],
    "minimum-stability": "stable",
    "stability-flags": [],
    "prefer-stable": true,
    "prefer-lowest": false,
    "platform": [],
    "platform-dev": []
}
