{
    "_readme": [
        "This file locks the dependencies of your project to a known state",
        "Read more about it at https://getcomposer.org/doc/01-basic-usage.md#composer-lock-the-lock-file",
        "This file is @generated automatically"
    ],
    "content-hash": "4be6a1f90626e2fc2758975f64ede94d",
    "packages": [
        {
            "name": "bacboslab/menueditor",
            "version": "3.2.4",
            "source": {
                "type": "git",
                "url": "https://github.com/bacbos/bolt-menu-editor.git",
                "reference": "f3937950ed1938299beaf2d097f8bcff855af884"
            },
            "dist": {
                "type": "zip",
                "url": "https://api.github.com/repos/bacbos/bolt-menu-editor/zipball/f3937950ed1938299beaf2d097f8bcff855af884",
                "reference": "f3937950ed1938299beaf2d097f8bcff855af884",
                "shasum": ""
            },
            "require": {
                "bolt/bolt": "^3.1"
            },
            "require-dev": {
                "phpunit/phpunit": "^4.7"
            },
            "type": "bolt-extension",
            "extra": {
                "bolt-icon": "bolt-menu-editor.png",
                "bolt-assets": "web",
                "bolt-class": "Bolt\\Extension\\Bacboslab\\Menueditor\\MenueditorExtension",
                "bolt-screenshots": [
                    "screenshot.png",
                    "screenshot2.png"
                ]
            },
            "autoload": {
                "psr-4": {
                    "Bolt\\Extension\\Bacboslab\\Menueditor\\": "src"
                }
            },
            "autoload-dev": {
                "psr-4": {
                    "Bolt\\Extension\\Bacboslab\\Menueditor\\Tests\\": "tests",
                    "Bolt\\Tests\\": "vendor/bolt/bolt/tests/phpunit/unit/"
                }
            },
            "license": [
                "MIT"
            ],
            "authors": [
                {
                    "name": "Steven Wüthrich / bacbos lab",
                    "email": "hello@bacbos.ch",
                    "homepage": "http://bacbos.ch"
                },
                {
                    "name": "Svante Richter",
                    "email": "svante.richter@gmail.com"
                },
                {
                    "name": "Erwin Goossen",
                    "email": "erwin@navelpluisje.nl"
                }
            ],
            "description": "A visual menu editor for Bolt CMS",
            "keywords": [
                "admin",
                "editor",
                "menu",
                "tool",
                "visual"
            ],
            "support": {
                "source": "https://github.com/bacbos/bolt-menu-editor/tree/3.2.4",
                "issues": "https://github.com/bacbos/bolt-menu-editor/issues"
            },
            "time": "2018-02-16T13:27:41+00:00"
        },
        {
            "name": "bobdenotter/seo",
            "version": "1.1.0",
            "source": {
                "type": "git",
                "url": "https://github.com/bobdenotter/seo.git",
                "reference": "07f8b5b2ab1da80559d68028c2030ec0b7d5392b"
            },
            "dist": {
                "type": "zip",
                "url": "https://api.github.com/repos/bobdenotter/seo/zipball/07f8b5b2ab1da80559d68028c2030ec0b7d5392b",
                "reference": "07f8b5b2ab1da80559d68028c2030ec0b7d5392b",
                "shasum": ""
            },
            "require": {
                "bolt/bolt": "^3.0"
            },
            "type": "bolt-extension",
            "extra": {
                "bolt-assets": "web",
                "bolt-class": "Bolt\\Extension\\BobdenOtter\\Seo\\SeoExtension"
            },
            "autoload": {
                "psr-4": {
                    "Bolt\\Extension\\BobdenOtter\\Seo\\": "src"
                }
            },
            "license": [
                "MIT"
            ],
            "authors": [
                {
                    "name": "Bob den Otter",
                    "email": "bob@twokings.nl"
                }
            ],
            "description": "An extension to easily manage SEO title, meta description and OG tags.",
            "support": {
                "source": "https://github.com/bobdenotter/seo/tree/master",
                "issues": "https://github.com/bobdenotter/seo/issues"
            },
            "time": "2018-03-05T16:38:28+00:00"
        },
        {
            "name": "bolt/jsonapi",
            "version": "v3.3.0",
            "source": {
                "type": "git",
                "url": "https://github.com/xiaohutai/jsonapi.git",
                "reference": "ffba4a26e05f5a10e2337c8ddbe51f1f46c37644"
            },
            "dist": {
                "type": "zip",
                "url": "https://api.github.com/repos/xiaohutai/jsonapi/zipball/ffba4a26e05f5a10e2337c8ddbe51f1f46c37644",
                "reference": "ffba4a26e05f5a10e2337c8ddbe51f1f46c37644",
                "shasum": ""
            },
            "require": {
                "bolt/bolt": "^3.0"
            },
            "type": "bolt-extension",
            "extra": {
                "bolt-class": "Bolt\\Extension\\Bolt\\JsonApi\\JSONAPIExtension"
            },
            "autoload": {
                "psr-4": {
                    "Bolt\\Extension\\Bolt\\JsonApi\\": [
                        "",
                        "src"
                    ]
                }
            },
            "license": [
                "MIT"
            ],
            "authors": [
                {
                    "name": "Tobias Dammers",
                    "email": "tobias@twokings.nl"
                },
                {
                    "name": "Bob den Otter",
                    "email": "bob@twokings.nl"
                },
                {
                    "name": "Xiao-Hu Tai",
                    "email": "xiao@twokings.nl"
                },
                {
                    "name": "Dennis Snijder",
                    "email": "Dennissnijder97@gmail.com"
                }
            ],
            "description": "Provides simple JSON access to Bolt's internal data structures.",
            "keywords": [
                "api",
                "json",
                "jsonapi"
            ],
            "support": {
                "source": "https://github.com/xiaohutai/jsonapi/tree/master",
                "issues": "https://github.com/xiaohutai/jsonapi/issues"
            },
            "time": "2018-08-02T10:09:55+00:00"
        },
        {
            "name": "bolt/sitemap",
            "version": "2.5.0",
            "source": {
                "type": "git",
                "url": "https://github.com/bolt/Sitemap.git",
                "reference": "f7e67187c7fddd0335e90d5ae000c471593ed6bc"
            },
            "dist": {
                "type": "zip",
                "url": "https://api.github.com/repos/bolt/Sitemap/zipball/f7e67187c7fddd0335e90d5ae000c471593ed6bc",
                "reference": "f7e67187c7fddd0335e90d5ae000c471593ed6bc",
                "shasum": ""
            },
            "require": {
                "bolt/bolt": "^3.0"
            },
            "type": "bolt-extension",
            "extra": {
                "bolt-icon": "icon-sitemap.png",
                "bolt-class": "Bolt\\Extension\\Bolt\\Sitemap\\SitemapExtension",
                "branch-alias": {
                    "dev-2.x": "2.3.x-dev"
                }
            },
            "autoload": {
                "psr-4": {
                    "Bolt\\Extension\\Bolt\\Sitemap\\": "src"
                }
            },
            "license": [
                "MIT"
            ],
            "authors": [
                {
                    "name": "Bob den Otter",
                    "email": "bob@twokings.nl"
                },
                {
                    "name": "Patrick van Kouteren",
                    "email": "info@wedesignit.nl"
                },
                {
                    "name": "Gawain Lynch",
                    "email": "gawain.lynch@gmail.com"
                }
            ],
            "description": "An extension to create XML sitemaps for your Bolt website.",
            "keywords": [
                "SEO",
                "sitemap"
            ],
            "support": {
                "source": "https://github.com/bolt/Sitemap/tree/2.x",
                "issues": "https://github.com/bolt/Sitemap/issues"
            },
            "time": "2018-06-03T09:18:36+00:00"
        },
        {
            "name": "soapbox/relatedcontent",
            "version": "1.0.1",
            "source": {
                "type": "git",
                "url": "https://github.com/graham73may/bolt-related-content.git",
                "reference": "9a64abe11117b86e6e9fad42e60135304073872a"
            },
            "dist": {
                "type": "zip",
                "url": "https://api.github.com/repos/graham73may/bolt-related-content/zipball/9a64abe11117b86e6e9fad42e60135304073872a",
                "reference": "9a64abe11117b86e6e9fad42e60135304073872a",
                "shasum": ""
            },
            "require": {
                "bolt/bolt": "^3.2.2"
            },
            "require-dev": {
                "phpunit/phpunit": "^4.7"
            },
            "type": "bolt-extension",
            "extra": {
                "bolt-class": "Bolt\\Extension\\Soapbox\\RelatedContent\\RelatedContentExtension"
            },
            "autoload": {
                "psr-4": {
                    "Bolt\\Extension\\Soapbox\\RelatedContent\\": "src"
                }
            },
            "autoload-dev": {
                "psr-4": {
                    "Bolt\\Extension\\Soapbox\\RelatedContent\\Tests\\": "tests",
                    "Bolt\\Tests\\": "vendor/bolt/bolt/tests/phpunit/unit/"
                }
            },
            "license": [
                "MIT"
            ],
            "authors": [
                {
                    "name": "Graham May",
                    "email": "graham.may@soapbox.co.uk"
                }
            ],
            "description": "Retrieves a list of similar content based on taxonomies and fields.",
            "keywords": [
                "categories",
                "related",
                "related content",
                "tags",
                "taxonomy"
            ],
            "support": {
                "source": "https://github.com/graham73may/bolt-related-content/tree/master",
                "issues": "https://github.com/graham73may/bolt-related-content/issues"
            },
            "time": "2017-09-04T12:30:43+00:00"
        },
        {
            "name": "twokings/bolt-extension-who-is-editing",
            "version": "v1.9.2",
            "source": {
                "type": "git",
                "url": "https://github.com/nestordedios/bolt-extension-who-is-editing.git",
                "reference": "193ec23349875995b367e548486d46ef1169ca0c"
            },
            "dist": {
                "type": "zip",
                "url": "https://api.github.com/repos/nestordedios/bolt-extension-who-is-editing/zipball/193ec23349875995b367e548486d46ef1169ca0c",
                "reference": "193ec23349875995b367e548486d46ef1169ca0c",
                "shasum": ""
            },
            "require": {
                "bolt/bolt": "^3.0"
            },
            "require-dev": {
                "phpunit/phpunit": "^4.7"
            },
            "type": "bolt-extension",
            "extra": {
                "bolt-assets": "web",
                "bolt-class": "Bolt\\Extension\\TwoKings\\WhoIsEditing\\WhoIsEditingExtension"
            },
            "autoload": {
                "psr-4": {
                    "Bolt\\Extension\\TwoKings\\WhoIsEditing\\": "src"
                }
            },
            "license": [
                "MIT"
            ],
            "authors": [
                {
                    "name": "Néstor de Dios Fernández",
                    "email": "nestor@twokings.nl"
                }
            ],
            "description": "This extension shows you who is editing the content you might want to simultaneously edit",
            "keywords": [
                "content",
                "edit",
                "editing",
                "editor",
                "record",
                "simultaneously"
            ],
            "support": {
                "source": "https://github.com/nestordedios/bolt-extension-who-is-editing/tree/master",
                "issues": "https://github.com/nestordedios/bolt-extension-who-is-editing/issues"
            },
            "time": "2018-08-08T13:33:47+00:00"
        },
        {
            "name": "twokings/hierarchical-routes",
            "version": "v0.2.4",
            "source": {
                "type": "git",
                "url": "https://github.com/xiaohutai/bolt-hierarchicalroutes.git",
                "reference": "96f1b683eb53c7ff9471c276725c37146155d147"
            },
            "dist": {
                "type": "zip",
                "url": "https://api.github.com/repos/xiaohutai/bolt-hierarchicalroutes/zipball/96f1b683eb53c7ff9471c276725c37146155d147",
                "reference": "96f1b683eb53c7ff9471c276725c37146155d147",
                "shasum": ""
            },
            "require": {
                "bolt/bolt": "^3.0"
            },
            "require-dev": {
                "phpunit/phpunit": "^4.7"
            },
            "suggest": {
                "bacboslab/menueditor": "A visual menu editor for Bolt CMS"
            },
            "type": "bolt-extension",
            "extra": {
                "bolt-assets": "web",
                "bolt-class": "Bolt\\Extension\\TwoKings\\HierarchicalRoutes\\HierarchicalRoutesExtension",
                "bolt-icon": "bolt-icon.png",
                "bolt-screenshots": [
                    "screenshots/screenshot1.png",
                    "screenshots/screenshot2.png"
                ]
            },
            "autoload": {
                "psr-4": {
                    "Bolt\\Extension\\TwoKings\\HierarchicalRoutes\\": "src",
                    "PBergman\\": "lib/PBergman"
                }
            },
            "autoload-dev": {
                "psr-4": {
                    "Bolt\\Extension\\TwoKings\\HierarchicalRoutes\\Tests\\": "tests",
                    "Bolt\\Tests\\": "vendor/bolt/bolt/tests/phpunit/unit/"
                }
            },
            "license": [
                "MIT"
            ],
            "authors": [
                {
                    "name": "Xiao-Hu Tai",
                    "email": "xiao@twokings.nl"
                }
            ],
            "description": "Dynamically make hierarchical routes based on the menu configuration",
            "keywords": [
                "breadcrumbs",
                "child-page",
                "hierarchical content",
                "hierarchical routes",
                "hierarchy",
                "menu",
                "parent-page",
                "structure",
                "sub-page"
            ],
            "support": {
                "source": "https://github.com/xiaohutai/bolt-hierarchicalroutes/tree/master",
                "issues": "https://github.com/xiaohutai/bolt-hierarchicalroutes/issues"
            },
            "time": "2018-08-21T11:39:51+00:00"
        },
        {
            "name": "wikimedia/composer-merge-plugin",
            "version": "v1.4.1",
            "source": {
                "type": "git",
                "url": "https://github.com/wikimedia/composer-merge-plugin.git",
                "reference": "81c6ac72a24a67383419c7eb9aa2b3437f2ab100"
            },
            "dist": {
                "type": "zip",
                "url": "https://api.github.com/repos/wikimedia/composer-merge-plugin/zipball/81c6ac72a24a67383419c7eb9aa2b3437f2ab100",
                "reference": "81c6ac72a24a67383419c7eb9aa2b3437f2ab100",
                "shasum": ""
            },
            "require": {
                "composer-plugin-api": "^1.0",
                "php": ">=5.3.2"
            },
            "require-dev": {
                "composer/composer": "~1.0.0",
                "jakub-onderka/php-parallel-lint": "~0.8",
                "phpunit/phpunit": "~4.8|~5.0",
                "squizlabs/php_codesniffer": "~2.1.0"
            },
            "type": "composer-plugin",
            "extra": {
                "branch-alias": {
                    "dev-master": "1.3.x-dev"
                },
                "class": "Wikimedia\\Composer\\MergePlugin"
            },
            "autoload": {
                "psr-4": {
                    "Wikimedia\\Composer\\": "src/"
                }
            },
            "scripts": {
                "test": [
                    "composer validate --no-interaction",
                    "parallel-lint src tests",
                    "phpunit --log-junit=reports/unitreport.xml --coverage-text --coverage-html=reports/coverage --coverage-clover=reports/coverage.xml",
                    "phpcs --encoding=utf-8 --standard=PSR2 --report-checkstyle=reports/checkstyle-phpcs.xml --report-full --extensions=php src/* tests/phpunit/*"
                ]
            },
            "license": [
                "MIT"
            ],
            "authors": [
                {
                    "name": "Bryan Davis",
                    "email": "bd808@wikimedia.org"
                }
            ],
            "description": "Composer plugin to merge multiple composer.json files",
            "support": {
                "source": "https://github.com/wikimedia/composer-merge-plugin/tree/master",
                "issues": "https://github.com/wikimedia/composer-merge-plugin/issues"
            },
            "time": "2017-04-25T02:31:25+00:00"
        }
    ],
    "packages-dev": [],
    "aliases": [],
    "minimum-stability": "stable",
    "stability-flags": [],
    "prefer-stable": true,
    "prefer-lowest": false,
    "platform": [],
    "platform-dev": []
}
